
Microsoft Visual Studio Solution File, Format Version 12.00
# Visual Studio Version 17
VisualStudioVersion = 17.4.33213.308
MinimumVisualStudioVersion = 10.0.40219.1
Project("{FAE04EC0-301F-11D3-BF4B-00C04F79EFBC}") = "ElephantMan", "ElephantMan\ElephantMan.csproj", "{3E29496B-C282-4D1A-B92F-9941DA35AC98}"
EndProject
Global
	GlobalSection(SolutionConfigurationPlatforms) = preSolution
		Debug|Any CPU = Debug|Any CPU
		Release|Any CPU = Release|Any CPU
	EndGlobalSection
	GlobalSection(ProjectConfigurationPlatforms) = postSolution
		{3E29496B-C282-4D1A-B92F-9941DA35AC98}.Debug|Any CPU.ActiveCfg = Debug|Any CPU
		{3E29496B-C282-4D1A-B92F-9941DA35AC98}.Debug|Any CPU.Build.0 = Debug|Any CPU
		{3E29496B-C282-4D1A-B92F-9941DA35AC98}.Release|Any CPU.ActiveCfg = Release|Any CPU
		{3E29496B-C282-4D1A-B92F-9941DA35AC98}.Release|Any CPU.Build.0 = Release|Any CPU
	EndGlobalSection
	GlobalSection(SolutionProperties) = preSolution
		HideSolutionNode = FALSE
	EndGlobalSection
	GlobalSection(ExtensibilityGlobals) = postSolution
		SolutionGuid = {3AA9FDD8-2C5F-4E39-99C4-47E8C97E0F07}
	EndGlobalSection
EndGlobal
